// !$*UTF8*$!
{
	archiveVersion = 1;
	classes = {
	};
	objectVersion = 46;
	objects = {

/* Begin PBXBuildFile section */
		2B7F150CCF37EA8EC63D7540 /* Pods_gpstracky.framework in Frameworks */ = {isa = PBXBuildFile; fileRef = F6DC3CBAF7E301B102FB58F0 /* Pods_gpstracky.framework */; };
		5C17FDCD23202B860086BAE6 /* TrackerListViewController.swift in Sources */ = {isa = PBXBuildFile; fileRef = 5C17FDCC23202B860086BAE6 /* TrackerListViewController.swift */; };
		5C17FDD023202BBC0086BAE6 /* Constant.swift in Sources */ = {isa = PBXBuildFile; fileRef = 5C17FDCF23202BBC0086BAE6 /* Constant.swift */; };
		5C17FDD323202D350086BAE6 /* NetworkManager.swift in Sources */ = {isa = PBXBuildFile; fileRef = 5C17FDD223202D350086BAE6 /* NetworkManager.swift */; };
		5C17FDD523202E810086BAE6 /* AlertManager.swift in Sources */ = {isa = PBXBuildFile; fileRef = 5C17FDD423202E810086BAE6 /* AlertManager.swift */; };
		5C17FDD9232034C70086BAE6 /* CommonUtils.swift in Sources */ = {isa = PBXBuildFile; fileRef = 5C17FDD8232034C70086BAE6 /* CommonUtils.swift */; };
		5C17FDDB232041990086BAE6 /* PrimarySplitViewController.swift in Sources */ = {isa = PBXBuildFile; fileRef = 5C17FDDA232041990086BAE6 /* PrimarySplitViewController.swift */; };
		5C17FDDD232042FA0086BAE6 /* TrackerDetailViewController.swift in Sources */ = {isa = PBXBuildFile; fileRef = 5C17FDDC232042FA0086BAE6 /* TrackerDetailViewController.swift */; };
		5C17FDDF232052620086BAE6 /* DateManager.swift in Sources */ = {isa = PBXBuildFile; fileRef = 5C17FDDE232052620086BAE6 /* DateManager.swift */; };
		5C4455231EEAFFA800DE6E3E /* TrackerPoint.swift in Sources */ = {isa = PBXBuildFile; fileRef = 5C4455221EEAFFA800DE6E3E /* TrackerPoint.swift */; };
		5C84BB951E54C570001A4F30 /* AppDelegate.swift in Sources */ = {isa = PBXBuildFile; fileRef = 5C84BB941E54C570001A4F30 /* AppDelegate.swift */; };
		5C84BB971E54C570001A4F30 /* ViewController.swift in Sources */ = {isa = PBXBuildFile; fileRef = 5C84BB961E54C570001A4F30 /* ViewController.swift */; };
		5C84BB9A1E54C570001A4F30 /* Main.storyboard in Resources */ = {isa = PBXBuildFile; fileRef = 5C84BB981E54C570001A4F30 /* Main.storyboard */; };
		5C84BB9D1E54C570001A4F30 /* gpstracky.xcdatamodeld in Sources */ = {isa = PBXBuildFile; fileRef = 5C84BB9B1E54C570001A4F30 /* gpstracky.xcdatamodeld */; };
		5C84BB9F1E54C570001A4F30 /* Assets.xcassets in Resources */ = {isa = PBXBuildFile; fileRef = 5C84BB9E1E54C570001A4F30 /* Assets.xcassets */; };
		5C84BBA21E54C570001A4F30 /* LaunchScreen.storyboard in Resources */ = {isa = PBXBuildFile; fileRef = 5C84BBA01E54C570001A4F30 /* LaunchScreen.storyboard */; };
/* End PBXBuildFile section */

/* Begin PBXFileReference section */
		5C17FDCC23202B860086BAE6 /* TrackerListViewController.swift */ = {isa = PBXFileReference; lastKnownFileType = sourcecode.swift; path = TrackerListViewController.swift; sourceTree = "<group>"; };
		5C17FDCF23202BBC0086BAE6 /* Constant.swift */ = {isa = PBXFileReference; lastKnownFileType = sourcecode.swift; path = Constant.swift; sourceTree = "<group>"; };
		5C17FDD223202D350086BAE6 /* NetworkManager.swift */ = {isa = PBXFileReference; lastKnownFileType = sourcecode.swift; path = NetworkManager.swift; sourceTree = "<group>"; };
		5C17FDD423202E810086BAE6 /* AlertManager.swift */ = {isa = PBXFileReference; lastKnownFileType = sourcecode.swift; path = AlertManager.swift; sourceTree = "<group>"; };
		5C17FDD8232034C70086BAE6 /* CommonUtils.swift */ = {isa = PBXFileReference; lastKnownFileType = sourcecode.swift; path = CommonUtils.swift; sourceTree = "<group>"; };
		5C17FDDA232041990086BAE6 /* PrimarySplitViewController.swift */ = {isa = PBXFileReference; lastKnownFileType = sourcecode.swift; path = PrimarySplitViewController.swift; sourceTree = "<group>"; };
		5C17FDDC232042FA0086BAE6 /* TrackerDetailViewController.swift */ = {isa = PBXFileReference; lastKnownFileType = sourcecode.swift; path = TrackerDetailViewController.swift; sourceTree = "<group>"; };
		5C17FDDE232052620086BAE6 /* DateManager.swift */ = {isa = PBXFileReference; lastKnownFileType = sourcecode.swift; path = DateManager.swift; sourceTree = "<group>"; };
		5C4455221EEAFFA800DE6E3E /* TrackerPoint.swift */ = {isa = PBXFileReference; fileEncoding = 4; lastKnownFileType = sourcecode.swift; path = TrackerPoint.swift; sourceTree = "<group>"; };
		5C84BB911E54C570001A4F30 /* gpstracky.app */ = {isa = PBXFileReference; explicitFileType = wrapper.application; includeInIndex = 0; path = gpstracky.app; sourceTree = BUILT_PRODUCTS_DIR; };
		5C84BB941E54C570001A4F30 /* AppDelegate.swift */ = {isa = PBXFileReference; lastKnownFileType = sourcecode.swift; path = AppDelegate.swift; sourceTree = "<group>"; };
		5C84BB961E54C570001A4F30 /* ViewController.swift */ = {isa = PBXFileReference; lastKnownFileType = sourcecode.swift; path = ViewController.swift; sourceTree = "<group>"; };
		5C84BB991E54C570001A4F30 /* Base */ = {isa = PBXFileReference; lastKnownFileType = file.storyboard; name = Base; path = Base.lproj/Main.storyboard; sourceTree = "<group>"; };
		5C84BB9C1E54C570001A4F30 /* gpstracky.xcdatamodel */ = {isa = PBXFileReference; lastKnownFileType = wrapper.xcdatamodel; path = gpstracky.xcdatamodel; sourceTree = "<group>"; };
		5C84BB9E1E54C570001A4F30 /* Assets.xcassets */ = {isa = PBXFileReference; lastKnownFileType = folder.assetcatalog; path = Assets.xcassets; sourceTree = "<group>"; };
		5C84BBA11E54C570001A4F30 /* Base */ = {isa = PBXFileReference; lastKnownFileType = file.storyboard; name = Base; path = Base.lproj/LaunchScreen.storyboard; sourceTree = "<group>"; };
		5C84BBA31E54C570001A4F30 /* Info.plist */ = {isa = PBXFileReference; lastKnownFileType = text.plist.xml; path = Info.plist; sourceTree = "<group>"; };
		D7574210E618EA59C8BE53BC /* Pods-gpstracky.debug.xcconfig */ = {isa = PBXFileReference; includeInIndex = 1; lastKnownFileType = text.xcconfig; name = "Pods-gpstracky.debug.xcconfig"; path = "Pods/Target Support Files/Pods-gpstracky/Pods-gpstracky.debug.xcconfig"; sourceTree = "<group>"; };
		E7ECE62D2667859092524E34 /* Pods-gpstracky.release.xcconfig */ = {isa = PBXFileReference; includeInIndex = 1; lastKnownFileType = text.xcconfig; name = "Pods-gpstracky.release.xcconfig"; path = "Pods/Target Support Files/Pods-gpstracky/Pods-gpstracky.release.xcconfig"; sourceTree = "<group>"; };
		F6DC3CBAF7E301B102FB58F0 /* Pods_gpstracky.framework */ = {isa = PBXFileReference; explicitFileType = wrapper.framework; includeInIndex = 0; path = Pods_gpstracky.framework; sourceTree = BUILT_PRODUCTS_DIR; };
/* End PBXFileReference section */

/* Begin PBXFrameworksBuildPhase section */
		5C84BB8E1E54C570001A4F30 /* Frameworks */ = {
			isa = PBXFrameworksBuildPhase;
			buildActionMask = 2147483647;
			files = (
				2B7F150CCF37EA8EC63D7540 /* Pods_gpstracky.framework in Frameworks */,
			);
			runOnlyForDeploymentPostprocessing = 0;
		};
/* End PBXFrameworksBuildPhase section */

/* Begin PBXGroup section */
		1C9FD22DD3EF65B166700214 /* Pods */ = {
			isa = PBXGroup;
			children = (
				D7574210E618EA59C8BE53BC /* Pods-gpstracky.debug.xcconfig */,
				E7ECE62D2667859092524E34 /* Pods-gpstracky.release.xcconfig */,
			);
			name = Pods;
			sourceTree = "<group>";
		};
		33538F52F3D777C256B7D3A2 /* Frameworks */ = {
			isa = PBXGroup;
			children = (
				F6DC3CBAF7E301B102FB58F0 /* Pods_gpstracky.framework */,
			);
			name = Frameworks;
			sourceTree = "<group>";
		};
		5C17FDCE23202BA70086BAE6 /* Constant */ = {
			isa = PBXGroup;
			children = (
				5C17FDCF23202BBC0086BAE6 /* Constant.swift */,
			);
			path = Constant;
			sourceTree = "<group>";
		};
		5C17FDD123202D1D0086BAE6 /* Managers */ = {
			isa = PBXGroup;
			children = (
				5C17FDD223202D350086BAE6 /* NetworkManager.swift */,
				5C17FDD423202E810086BAE6 /* AlertManager.swift */,
				5C17FDDE232052620086BAE6 /* DateManager.swift */,
			);
			path = Managers;
			sourceTree = "<group>";
		};
		5C17FDD7232034A00086BAE6 /* Utils */ = {
			isa = PBXGroup;
			children = (
				5C17FDD8232034C70086BAE6 /* CommonUtils.swift */,
			);
			path = Utils;
			sourceTree = "<group>";
		};
		5C3706D72079190600FF2EEB /* Models */ = {
			isa = PBXGroup;
			children = (
				5C4455221EEAFFA800DE6E3E /* TrackerPoint.swift */,
			);
			path = Models;
			sourceTree = "<group>";
		};
		5C3706D82079191800FF2EEB /* Controllers */ = {
			isa = PBXGroup;
			children = (
				5C84BB961E54C570001A4F30 /* ViewController.swift */,
				5C17FDCC23202B860086BAE6 /* TrackerListViewController.swift */,
				5C17FDDC232042FA0086BAE6 /* TrackerDetailViewController.swift */,
				5C17FDDA232041990086BAE6 /* PrimarySplitViewController.swift */,
			);
			path = Controllers;
			sourceTree = "<group>";
		};
		5C84BB881E54C570001A4F30 = {
			isa = PBXGroup;
			children = (
				5C84BB931E54C570001A4F30 /* gpstracky */,
				5C84BB921E54C570001A4F30 /* Products */,
				1C9FD22DD3EF65B166700214 /* Pods */,
				33538F52F3D777C256B7D3A2 /* Frameworks */,
			);
			sourceTree = "<group>";
		};
		5C84BB921E54C570001A4F30 /* Products */ = {
			isa = PBXGroup;
			children = (
				5C84BB911E54C570001A4F30 /* gpstracky.app */,
			);
			name = Products;
			sourceTree = "<group>";
		};
		5C84BB931E54C570001A4F30 /* gpstracky */ = {
			isa = PBXGroup;
			children = (
				5C84BB941E54C570001A4F30 /* AppDelegate.swift */,
				5C84BB9E1E54C570001A4F30 /* Assets.xcassets */,
				5C17FDCE23202BA70086BAE6 /* Constant */,
				5C3706D82079191800FF2EEB /* Controllers */,
				5C84BB9B1E54C570001A4F30 /* gpstracky.xcdatamodeld */,
				5C84BBA31E54C570001A4F30 /* Info.plist */,
				5C84BBA01E54C570001A4F30 /* LaunchScreen.storyboard */,
				5C84BB981E54C570001A4F30 /* Main.storyboard */,
				5C17FDD123202D1D0086BAE6 /* Managers */,
				5C3706D72079190600FF2EEB /* Models */,
				5C17FDD7232034A00086BAE6 /* Utils */,
			);
			path = gpstracky;
			sourceTree = "<group>";
		};
/* End PBXGroup section */

/* Begin PBXNativeTarget section */
		5C84BB901E54C570001A4F30 /* gpstracky */ = {
			isa = PBXNativeTarget;
			buildConfigurationList = 5C84BBA61E54C570001A4F30 /* Build configuration list for PBXNativeTarget "gpstracky" */;
			buildPhases = (
				7A1257B5049A4386EDA74052 /* [CP] Check Pods Manifest.lock */,
				5C84BB8D1E54C570001A4F30 /* Sources */,
				5C84BB8E1E54C570001A4F30 /* Frameworks */,
				5C84BB8F1E54C570001A4F30 /* Resources */,
				7E9B544D4E1E730F5F886884 /* [CP] Embed Pods Frameworks */,
				46F38C461FCE1E996508D61A /* Tailor */,
			);
			buildRules = (
			);
			dependencies = (
			);
			name = gpstracky;
			productName = gpstracky;
			productReference = 5C84BB911E54C570001A4F30 /* gpstracky.app */;
			productType = "com.apple.product-type.application";
		};
/* End PBXNativeTarget section */

/* Begin PBXProject section */
		5C84BB891E54C570001A4F30 /* Project object */ = {
			isa = PBXProject;
			attributes = {
				LastSwiftUpdateCheck = 0820;
				LastUpgradeCheck = 1010;
				ORGANIZATIONNAME = Darthroid;
				TargetAttributes = {
					5C84BB901E54C570001A4F30 = {
						CreatedOnToolsVersion = 8.2.1;
						DevelopmentTeam = 97A6BHXBQU;
						LastSwiftMigration = 1010;
						ProvisioningStyle = Automatic;
						SystemCapabilities = {
							com.apple.BackgroundModes = {
								enabled = 1;
							};
						};
					};
				};
			};
			buildConfigurationList = 5C84BB8C1E54C570001A4F30 /* Build configuration list for PBXProject "gpstracky" */;
			compatibilityVersion = "Xcode 3.2";
			developmentRegion = English;
			hasScannedForEncodings = 0;
			knownRegions = (
				en,
				Base,
			);
			mainGroup = 5C84BB881E54C570001A4F30;
			productRefGroup = 5C84BB921E54C570001A4F30 /* Products */;
			projectDirPath = "";
			projectRoot = "";
			targets = (
				5C84BB901E54C570001A4F30 /* gpstracky */,
			);
		};
/* End PBXProject section */

/* Begin PBXResourcesBuildPhase section */
		5C84BB8F1E54C570001A4F30 /* Resources */ = {
			isa = PBXResourcesBuildPhase;
			buildActionMask = 2147483647;
			files = (
				5C84BBA21E54C570001A4F30 /* LaunchScreen.storyboard in Resources */,
				5C84BB9F1E54C570001A4F30 /* Assets.xcassets in Resources */,
				5C84BB9A1E54C570001A4F30 /* Main.storyboard in Resources */,
			);
			runOnlyForDeploymentPostprocessing = 0;
		};
/* End PBXResourcesBuildPhase section */

/* Begin PBXShellScriptBuildPhase section */
		46F38C461FCE1E996508D61A /* Tailor */ = {
			isa = PBXShellScriptBuildPhase;
			buildActionMask = 2147483647;
			files = (
			);
			inputPaths = (
			);
			name = Tailor;
			outputPaths = (
			);
			runOnlyForDeploymentPostprocessing = 0;
			shellPath = /bin/sh;
			shellScript = "if hash tailor 2>/dev/null; then\n  tailor\nelse\n  echo \"warning: Please install Tailor from https://tailor.sh\"\nfi";
		};
		7A1257B5049A4386EDA74052 /* [CP] Check Pods Manifest.lock */ = {
			isa = PBXShellScriptBuildPhase;
			buildActionMask = 2147483647;
			files = (
			);
			inputPaths = (
				"${PODS_PODFILE_DIR_PATH}/Podfile.lock",
				"${PODS_ROOT}/Manifest.lock",
			);
			name = "[CP] Check Pods Manifest.lock";
			outputPaths = (
				"$(DERIVED_FILE_DIR)/Pods-gpstracky-checkManifestLockResult.txt",
			);
			runOnlyForDeploymentPostprocessing = 0;
			shellPath = /bin/sh;
			shellScript = "diff \"${PODS_PODFILE_DIR_PATH}/Podfile.lock\" \"${PODS_ROOT}/Manifest.lock\" > /dev/null\nif [ $? != 0 ] ; then\n    # print error to STDERR\n    echo \"error: The sandbox is not in sync with the Podfile.lock. Run 'pod install' or update your CocoaPods installation.\" >&2\n    exit 1\nfi\n# This output is used by Xcode 'outputs' to avoid re-running this script phase.\necho \"SUCCESS\" > \"${SCRIPT_OUTPUT_FILE_0}\"\n";
			showEnvVarsInLog = 0;
		};
		7E9B544D4E1E730F5F886884 /* [CP] Embed Pods Frameworks */ = {
			isa = PBXShellScriptBuildPhase;
			buildActionMask = 2147483647;
			files = (
			);
			inputPaths = (
				"${PODS_ROOT}/Target Support Files/Pods-gpstracky/Pods-gpstracky-frameworks.sh",
				"${BUILT_PRODUCTS_DIR}/Alamofire/Alamofire.framework",
				"${BUILT_PRODUCTS_DIR}/SwiftyJSON/SwiftyJSON.framework",
			);
			name = "[CP] Embed Pods Frameworks";
			outputPaths = (
				"${TARGET_BUILD_DIR}/${FRAMEWORKS_FOLDER_PATH}/Alamofire.framework",
				"${TARGET_BUILD_DIR}/${FRAMEWORKS_FOLDER_PATH}/SwiftyJSON.framework",
			);
			runOnlyForDeploymentPostprocessing = 0;
			shellPath = /bin/sh;
			shellScript = "\"${PODS_ROOT}/Target Support Files/Pods-gpstracky/Pods-gpstracky-frameworks.sh\"\n";
			showEnvVarsInLog = 0;
		};
/* End PBXShellScriptBuildPhase section */

/* Begin PBXSourcesBuildPhase section */
		5C84BB8D1E54C570001A4F30 /* Sources */ = {
			isa = PBXSourcesBuildPhase;
			buildActionMask = 2147483647;
			files = (
				5C17FDD523202E810086BAE6 /* AlertManager.swift in Sources */,
				5C17FDDF232052620086BAE6 /* DateManager.swift in Sources */,
				5C4455231EEAFFA800DE6E3E /* TrackerPoint.swift in Sources */,
				5C84BB9D1E54C570001A4F30 /* gpstracky.xcdatamodeld in Sources */,
				5C17FDCD23202B860086BAE6 /* TrackerListViewController.swift in Sources */,
				5C17FDD323202D350086BAE6 /* NetworkManager.swift in Sources */,
				5C84BB971E54C570001A4F30 /* ViewController.swift in Sources */,
				5C17FDDB232041990086BAE6 /* PrimarySplitViewController.swift in Sources */,
				5C84BB951E54C570001A4F30 /* AppDelegate.swift in Sources */,
				5C17FDDD232042FA0086BAE6 /* TrackerDetailViewController.swift in Sources */,
				5C17FDD9232034C70086BAE6 /* CommonUtils.swift in Sources */,
				5C17FDD023202BBC0086BAE6 /* Constant.swift in Sources */,
			);
			runOnlyForDeploymentPostprocessing = 0;
		};
/* End PBXSourcesBuildPhase section */

/* Begin PBXVariantGroup section */
		5C84BB981E54C570001A4F30 /* Main.storyboard */ = {
			isa = PBXVariantGroup;
			children = (
				5C84BB991E54C570001A4F30 /* Base */,
			);
			name = Main.storyboard;
			sourceTree = "<group>";
		};
		5C84BBA01E54C570001A4F30 /* LaunchScreen.storyboard */ = {
			isa = PBXVariantGroup;
			children = (
				5C84BBA11E54C570001A4F30 /* Base */,
			);
			name = LaunchScreen.storyboard;
			sourceTree = "<group>";
		};
/* End PBXVariantGroup section */

/* Begin XCBuildConfiguration section */
		5C84BBA41E54C570001A4F30 /* Debug */ = {
			isa = XCBuildConfiguration;
			buildSettings = {
				ALWAYS_SEARCH_USER_PATHS = NO;
				CLANG_ANALYZER_NONNULL = YES;
				CLANG_CXX_LANGUAGE_STANDARD = "gnu++0x";
				CLANG_CXX_LIBRARY = "libc++";
				CLANG_ENABLE_MODULES = YES;
				CLANG_ENABLE_OBJC_ARC = YES;
				CLANG_WARN_BLOCK_CAPTURE_AUTORELEASING = YES;
				CLANG_WARN_BOOL_CONVERSION = YES;
				CLANG_WARN_COMMA = YES;
				CLANG_WARN_CONSTANT_CONVERSION = YES;
				CLANG_WARN_DEPRECATED_OBJC_IMPLEMENTATIONS = YES;
				CLANG_WARN_DIRECT_OBJC_ISA_USAGE = YES_ERROR;
				CLANG_WARN_DOCUMENTATION_COMMENTS = YES;
				CLANG_WARN_EMPTY_BODY = YES;
				CLANG_WARN_ENUM_CONVERSION = YES;
				CLANG_WARN_INFINITE_RECURSION = YES;
				CLANG_WARN_INT_CONVERSION = YES;
				CLANG_WARN_NON_LITERAL_NULL_CONVERSION = YES;
				CLANG_WARN_OBJC_IMPLICIT_RETAIN_SELF = YES;
				CLANG_WARN_OBJC_LITERAL_CONVERSION = YES;
				CLANG_WARN_OBJC_ROOT_CLASS = YES_ERROR;
				CLANG_WARN_RANGE_LOOP_ANALYSIS = YES;
				CLANG_WARN_STRICT_PROTOTYPES = YES;
				CLANG_WARN_SUSPICIOUS_MOVE = YES;
				CLANG_WARN_UNREACHABLE_CODE = YES;
				CLANG_WARN__DUPLICATE_METHOD_MATCH = YES;
				"CODE_SIGN_IDENTITY[sdk=iphoneos*]" = "iPhone Developer";
				COPY_PHASE_STRIP = NO;
				DEBUG_INFORMATION_FORMAT = dwarf;
				ENABLE_STRICT_OBJC_MSGSEND = YES;
				ENABLE_TESTABILITY = YES;
				GCC_C_LANGUAGE_STANDARD = gnu99;
				GCC_DYNAMIC_NO_PIC = NO;
				GCC_NO_COMMON_BLOCKS = YES;
				GCC_OPTIMIZATION_LEVEL = 0;
				GCC_PREPROCESSOR_DEFINITIONS = (
					"DEBUG=1",
					"$(inherited)",
				);
				GCC_WARN_64_TO_32_BIT_CONVERSION = YES;
				GCC_WARN_ABOUT_RETURN_TYPE = YES_ERROR;
				GCC_WARN_UNDECLARED_SELECTOR = YES;
				GCC_WARN_UNINITIALIZED_AUTOS = YES_AGGRESSIVE;
				GCC_WARN_UNUSED_FUNCTION = YES;
				GCC_WARN_UNUSED_VARIABLE = YES;
				IPHONEOS_DEPLOYMENT_TARGET = 10.2;
				MTL_ENABLE_DEBUG_INFO = YES;
				ONLY_ACTIVE_ARCH = YES;
				SDKROOT = iphoneos;
				SWIFT_ACTIVE_COMPILATION_CONDITIONS = DEBUG;
				SWIFT_OPTIMIZATION_LEVEL = "-Onone";
			};
			name = Debug;
		};
		5C84BBA51E54C570001A4F30 /* Release */ = {
			isa = XCBuildConfiguration;
			buildSettings = {
				ALWAYS_SEARCH_USER_PATHS = NO;
				CLANG_ANALYZER_NONNULL = YES;
				CLANG_CXX_LANGUAGE_STANDARD = "gnu++0x";
				CLANG_CXX_LIBRARY = "libc++";
				CLANG_ENABLE_MODULES = YES;
				CLANG_ENABLE_OBJC_ARC = YES;
				CLANG_WARN_BLOCK_CAPTURE_AUTORELEASING = YES;
				CLANG_WARN_BOOL_CONVERSION = YES;
				CLANG_WARN_COMMA = YES;
				CLANG_WARN_CONSTANT_CONVERSION = YES;
				CLANG_WARN_DEPRECATED_OBJC_IMPLEMENTATIONS = YES;
				CLANG_WARN_DIRECT_OBJC_ISA_USAGE = YES_ERROR;
				CLANG_WARN_DOCUMENTATION_COMMENTS = YES;
				CLANG_WARN_EMPTY_BODY = YES;
				CLANG_WARN_ENUM_CONVERSION = YES;
				CLANG_WARN_INFINITE_RECURSION = YES;
				CLANG_WARN_INT_CONVERSION = YES;
				CLANG_WARN_NON_LITERAL_NULL_CONVERSION = YES;
				CLANG_WARN_OBJC_IMPLICIT_RETAIN_SELF = YES;
				CLANG_WARN_OBJC_LITERAL_CONVERSION = YES;
				CLANG_WARN_OBJC_ROOT_CLASS = YES_ERROR;
				CLANG_WARN_RANGE_LOOP_ANALYSIS = YES;
				CLANG_WARN_STRICT_PROTOTYPES = YES;
				CLANG_WARN_SUSPICIOUS_MOVE = YES;
				CLANG_WARN_UNREACHABLE_CODE = YES;
				CLANG_WARN__DUPLICATE_METHOD_MATCH = YES;
				"CODE_SIGN_IDENTITY[sdk=iphoneos*]" = "iPhone Developer";
				COPY_PHASE_STRIP = NO;
				DEBUG_INFORMATION_FORMAT = "dwarf-with-dsym";
				ENABLE_NS_ASSERTIONS = NO;
				ENABLE_STRICT_OBJC_MSGSEND = YES;
				GCC_C_LANGUAGE_STANDARD = gnu99;
				GCC_NO_COMMON_BLOCKS = YES;
				GCC_WARN_64_TO_32_BIT_CONVERSION = YES;
				GCC_WARN_ABOUT_RETURN_TYPE = YES_ERROR;
				GCC_WARN_UNDECLARED_SELECTOR = YES;
				GCC_WARN_UNINITIALIZED_AUTOS = YES_AGGRESSIVE;
				GCC_WARN_UNUSED_FUNCTION = YES;
				GCC_WARN_UNUSED_VARIABLE = YES;
				IPHONEOS_DEPLOYMENT_TARGET = 10.2;
				MTL_ENABLE_DEBUG_INFO = NO;
				SDKROOT = iphoneos;
				SWIFT_OPTIMIZATION_LEVEL = "-Owholemodule";
				VALIDATE_PRODUCT = YES;
			};
			name = Release;
		};
		5C84BBA71E54C570001A4F30 /* Debug */ = {
			isa = XCBuildConfiguration;
			baseConfigurationReference = D7574210E618EA59C8BE53BC /* Pods-gpstracky.debug.xcconfig */;
			buildSettings = {
				ASSETCATALOG_COMPILER_APPICON_NAME = AppIcon;
				DEVELOPMENT_TEAM = 97A6BHXBQU;
				INFOPLIST_FILE = gpstracky/Info.plist;
				IPHONEOS_DEPLOYMENT_TARGET = 10.3;
				LD_RUNPATH_SEARCH_PATHS = "$(inherited) @executable_path/Frameworks";
				PRODUCT_BUNDLE_IDENTIFIER = com.darthroid.gpstracky;
				PRODUCT_NAME = "$(TARGET_NAME)";
				SWIFT_SWIFT3_OBJC_INFERENCE = On;
				SWIFT_VERSION = 4.2;
				TARGETED_DEVICE_FAMILY = "1,2";
			};
			name = Debug;
		};
		5C84BBA81E54C570001A4F30 /* Release */ = {
			isa = XCBuildConfiguration;
			baseConfigurationReference = E7ECE62D2667859092524E34 /* Pods-gpstracky.release.xcconfig */;
			buildSettings = {
				ASSETCATALOG_COMPILER_APPICON_NAME = AppIcon;
				DEVELOPMENT_TEAM = 97A6BHXBQU;
				INFOPLIST_FILE = gpstracky/Info.plist;
				IPHONEOS_DEPLOYMENT_TARGET = 10.3;
				LD_RUNPATH_SEARCH_PATHS = "$(inherited) @executable_path/Frameworks";
				PRODUCT_BUNDLE_IDENTIFIER = com.darthroid.gpstracky;
				PRODUCT_NAME = "$(TARGET_NAME)";
				SWIFT_SWIFT3_OBJC_INFERENCE = On;
				SWIFT_VERSION = 4.2;
				TARGETED_DEVICE_FAMILY = "1,2";
			};
			name = Release;
		};
/* End XCBuildConfiguration section */

/* Begin XCConfigurationList section */
		5C84BB8C1E54C570001A4F30 /* Build configuration list for PBXProject "gpstracky" */ = {
			isa = XCConfigurationList;
			buildConfigurations = (
				5C84BBA41E54C570001A4F30 /* Debug */,
				5C84BBA51E54C570001A4F30 /* Release */,
			);
			defaultConfigurationIsVisible = 0;
			defaultConfigurationName = Release;
		};
		5C84BBA61E54C570001A4F30 /* Build configuration list for PBXNativeTarget "gpstracky" */ = {
			isa = XCConfigurationList;
			buildConfigurations = (
				5C84BBA71E54C570001A4F30 /* Debug */,
				5C84BBA81E54C570001A4F30 /* Release */,
			);
			defaultConfigurationIsVisible = 0;
			defaultConfigurationName = Release;
		};
/* End XCConfigurationList section */

/* Begin XCVersionGroup section */
		5C84BB9B1E54C570001A4F30 /* gpstracky.xcdatamodeld */ = {
			isa = XCVersionGroup;
			children = (
				5C84BB9C1E54C570001A4F30 /* gpstracky.xcdatamodel */,
			);
			currentVersion = 5C84BB9C1E54C570001A4F30 /* gpstracky.xcdatamodel */;
			path = gpstracky.xcdatamodeld;
			sourceTree = "<group>";
			versionGroupType = wrapper.xcdatamodel;
		};
/* End XCVersionGroup section */
	};
	rootObject = 5C84BB891E54C570001A4F30 /* Project object */;
}
